{
    "_meta": {
        "hash": {
            "sha256": "884434ab3812bbfd76781f16e20437483c0d3f29a5d72c8eab15bd288ff3730b"
        },
        "pipfile-spec": 6,
        "requires": {
            "python_version": "3.8"
        },
        "sources": [
            {
                "name": "pypi",
                "url": "https://pypi.python.org/simple",
                "verify_ssl": true
            }
        ]
    },
    "default": {
        "ply": {
            "hashes": [
                "sha256:00c7c1aaa88358b9c765b6d3000c6eec0ba42abca5351b095321aef446081da3",
                "sha256:096f9b8350b65ebd2fd1346b12452efe5b9607f7482813ffca50c22722a807ce"
            ],
            "index": "pypi",
            "version": "==3.11"
        },
        "pysimplegui": {
            "hashes": [
                "sha256:061bcba600bffb9a2c2900e146f1bd986b43ccb8f0f0ad4636c02d02e0918d01",
                "sha256:a93c2f13d948dce22a10a138023432732aad795ea53152185001f546b7fdfc45"
            ],
            "index": "pypi",
            "version": "==4.23.0"
        },
        "tabulate": {
            "hashes": [
                "sha256:ac64cb76d53b1231d364babcd72abbb16855adac7de6665122f97b593f1eb2ba",
                "sha256:db2723a20d04bcda8522165c73eea7c300eda74e0ce852d9022e0159d7895007"
            ],
            "index": "pypi",
            "version": "==0.8.7"
        }
    },
    "develop": {}
}
